// !$*UTF8*$!
{
	archiveVersion = 1;
	classes = {
	};
	objectVersion = 46;
	objects = {

/* Begin PBXBuildFile section */
		7BEA07AE1D544A8400F68C41 /* AppDelegate.swift in Sources */ = {isa = PBXBuildFile; fileRef = 7BEA07AD1D544A8400F68C41 /* AppDelegate.swift */; };
		7BEA07B01D544A8400F68C41 /* ViewController.swift in Sources */ = {isa = PBXBuildFile; fileRef = 7BEA07AF1D544A8400F68C41 /* ViewController.swift */; };
		7BEA07B31D544A8400F68C41 /* Main.storyboard in Resources */ = {isa = PBXBuildFile; fileRef = 7BEA07B11D544A8400F68C41 /* Main.storyboard */; };
		7BEA07B61D544A8400F68C41 /* CoredataProjectAshis.xcdatamodeld in Sources */ = {isa = PBXBuildFile; fileRef = 7BEA07B41D544A8400F68C41 /* CoredataProjectAshis.xcdatamodeld */; };
		7BEA07B81D544A8400F68C41 /* Assets.xcassets in Resources */ = {isa = PBXBuildFile; fileRef = 7BEA07B71D544A8400F68C41 /* Assets.xcassets */; };
		7BEA07BB1D544A8400F68C41 /* LaunchScreen.storyboard in Resources */ = {isa = PBXBuildFile; fileRef = 7BEA07B91D544A8400F68C41 /* LaunchScreen.storyboard */; };
		7BEA07C61D544A8400F68C41 /* CoredataProjectAshisTests.swift in Sources */ = {isa = PBXBuildFile; fileRef = 7BEA07C51D544A8400F68C41 /* CoredataProjectAshisTests.swift */; };
		7BEA07D11D544A8500F68C41 /* CoredataProjectAshisUITests.swift in Sources */ = {isa = PBXBuildFile; fileRef = 7BEA07D01D544A8500F68C41 /* CoredataProjectAshisUITests.swift */; };
/* End PBXBuildFile section */

/* Begin PBXContainerItemProxy section */
		7BEA07C21D544A8400F68C41 /* PBXContainerItemProxy */ = {
			isa = PBXContainerItemProxy;
			containerPortal = 7BEA07A21D544A8400F68C41 /* Project object */;
			proxyType = 1;
			remoteGlobalIDString = 7BEA07A91D544A8400F68C41;
			remoteInfo = CoredataProjectAshis;
		};
		7BEA07CD1D544A8500F68C41 /* PBXContainerItemProxy */ = {
			isa = PBXContainerItemProxy;
			containerPortal = 7BEA07A21D544A8400F68C41 /* Project object */;
			proxyType = 1;
			remoteGlobalIDString = 7BEA07A91D544A8400F68C41;
			remoteInfo = CoredataProjectAshis;
		};
/* End PBXContainerItemProxy section */

/* Begin PBXFileReference section */
		7BEA07AA1D544A8400F68C41 /* CoredataProjectAshis.app */ = {isa = PBXFileReference; explicitFileType = wrapper.application; includeInIndex = 0; path = CoredataProjectAshis.app; sourceTree = BUILT_PRODUCTS_DIR; };
		7BEA07AD1D544A8400F68C41 /* AppDelegate.swift */ = {isa = PBXFileReference; lastKnownFileType = sourcecode.swift; path = AppDelegate.swift; sourceTree = "<group>"; };
		7BEA07AF1D544A8400F68C41 /* ViewController.swift */ = {isa = PBXFileReference; lastKnownFileType = sourcecode.swift; path = ViewController.swift; sourceTree = "<group>"; };
		7BEA07B21D544A8400F68C41 /* Base */ = {isa = PBXFileReference; lastKnownFileType = file.storyboard; name = Base; path = Base.lproj/Main.storyboard; sourceTree = "<group>"; };
		7BEA07B51D544A8400F68C41 /* CoredataProjectAshis.xcdatamodel */ = {isa = PBXFileReference; lastKnownFileType = wrapper.xcdatamodel; path = CoredataProjectAshis.xcdatamodel; sourceTree = "<group>"; };
		7BEA07B71D544A8400F68C41 /* Assets.xcassets */ = {isa = PBXFileReference; lastKnownFileType = folder.assetcatalog; path = Assets.xcassets; sourceTree = "<group>"; };
		7BEA07BA1D544A8400F68C41 /* Base */ = {isa = PBXFileReference; lastKnownFileType = file.storyboard; name = Base; path = Base.lproj/LaunchScreen.storyboard; sourceTree = "<group>"; };
		7BEA07BC1D544A8400F68C41 /* Info.plist */ = {isa = PBXFileReference; lastKnownFileType = text.plist.xml; path = Info.plist; sourceTree = "<group>"; };
		7BEA07C11D544A8400F68C41 /* CoredataProjectAshisTests.xctest */ = {isa = PBXFileReference; explicitFileType = wrapper.cfbundle; includeInIndex = 0; path = CoredataProjectAshisTests.xctest; sourceTree = BUILT_PRODUCTS_DIR; };
		7BEA07C51D544A8400F68C41 /* CoredataProjectAshisTests.swift */ = {isa = PBXFileReference; lastKnownFileType = sourcecode.swift; path = CoredataProjectAshisTests.swift; sourceTree = "<group>"; };
		7BEA07C71D544A8500F68C41 /* Info.plist */ = {isa = PBXFileReference; lastKnownFileType = text.plist.xml; path = Info.plist; sourceTree = "<group>"; };
		7BEA07CC1D544A8500F68C41 /* CoredataProjectAshisUITests.xctest */ = {isa = PBXFileReference; explicitFileType = wrapper.cfbundle; includeInIndex = 0; path = CoredataProjectAshisUITests.xctest; sourceTree = BUILT_PRODUCTS_DIR; };
		7BEA07D01D544A8500F68C41 /* CoredataProjectAshisUITests.swift */ = {isa = PBXFileReference; lastKnownFileType = sourcecode.swift; path = CoredataProjectAshisUITests.swift; sourceTree = "<group>"; };
		7BEA07D21D544A8500F68C41 /* Info.plist */ = {isa = PBXFileReference; lastKnownFileType = text.plist.xml; path = Info.plist; sourceTree = "<group>"; };
/* End PBXFileReference section */

/* Begin PBXFrameworksBuildPhase section */
		7BEA07A71D544A8400F68C41 /* Frameworks */ = {
			isa = PBXFrameworksBuildPhase;
			buildActionMask = 2147483647;
			files = (
			);
			runOnlyForDeploymentPostprocessing = 0;
		};
		7BEA07BE1D544A8400F68C41 /* Frameworks */ = {
			isa = PBXFrameworksBuildPhase;
			buildActionMask = 2147483647;
			files = (
			);
			runOnlyForDeploymentPostprocessing = 0;
		};
		7BEA07C91D544A8500F68C41 /* Frameworks */ = {
			isa = PBXFrameworksBuildPhase;
			buildActionMask = 2147483647;
			files = (
			);
			runOnlyForDeploymentPostprocessing = 0;
		};
/* End PBXFrameworksBuildPhase section */

/* Begin PBXGroup section */
		7BEA07A11D544A8400F68C41 = {
			isa = PBXGroup;
			children = (
				7BEA07AC1D544A8400F68C41 /* CoredataProjectAshis */,
				7BEA07C41D544A8400F68C41 /* CoredataProjectAshisTests */,
				7BEA07CF1D544A8500F68C41 /* CoredataProjectAshisUITests */,
				7BEA07AB1D544A8400F68C41 /* Products */,
			);
			sourceTree = "<group>";
		};
		7BEA07AB1D544A8400F68C41 /* Products */ = {
			isa = PBXGroup;
			children = (
				7BEA07AA1D544A8400F68C41 /* CoredataProjectAshis.app */,
				7BEA07C11D544A8400F68C41 /* CoredataProjectAshisTests.xctest */,
				7BEA07CC1D544A8500F68C41 /* CoredataProjectAshisUITests.xctest */,
			);
			name = Products;
			sourceTree = "<group>";
		};
		7BEA07AC1D544A8400F68C41 /* CoredataProjectAshis */ = {
			isa = PBXGroup;
			children = (
				7BEA07AD1D544A8400F68C41 /* AppDelegate.swift */,
				7BEA07AF1D544A8400F68C41 /* ViewController.swift */,
				7BEA07B11D544A8400F68C41 /* Main.storyboard */,
				7BEA07B71D544A8400F68C41 /* Assets.xcassets */,
				7BEA07B91D544A8400F68C41 /* LaunchScreen.storyboard */,
				7BEA07BC1D544A8400F68C41 /* Info.plist */,
				7BEA07B41D544A8400F68C41 /* CoredataProjectAshis.xcdatamodeld */,
			);
			path = CoredataProjectAshis;
			sourceTree = "<group>";
		};
		7BEA07C41D544A8400F68C41 /* CoredataProjectAshisTests */ = {
			isa = PBXGroup;
			children = (
				7BEA07C51D544A8400F68C41 /* CoredataProjectAshisTests.swift */,
				7BEA07C71D544A8500F68C41 /* Info.plist */,
			);
			path = CoredataProjectAshisTests;
			sourceTree = "<group>";
		};
		7BEA07CF1D544A8500F68C41 /* CoredataProjectAshisUITests */ = {
			isa = PBXGroup;
			children = (
				7BEA07D01D544A8500F68C41 /* CoredataProjectAshisUITests.swift */,
				7BEA07D21D544A8500F68C41 /* Info.plist */,
			);
			path = CoredataProjectAshisUITests;
			sourceTree = "<group>";
		};
/* End PBXGroup section */

/* Begin PBXNativeTarget section */
		7BEA07A91D544A8400F68C41 /* CoredataProjectAshis */ = {
			isa = PBXNativeTarget;
			buildConfigurationList = 7BEA07D51D544A8500F68C41 /* Build configuration list for PBXNativeTarget "CoredataProjectAshis" */;
			buildPhases = (
				7BEA07A61D544A8400F68C41 /* Sources */,
				7BEA07A71D544A8400F68C41 /* Frameworks */,
				7BEA07A81D544A8400F68C41 /* Resources */,
			);
			buildRules = (
			);
			dependencies = (
			);
			name = CoredataProjectAshis;
			productName = CoredataProjectAshis;
			productReference = 7BEA07AA1D544A8400F68C41 /* CoredataProjectAshis.app */;
			productType = "com.apple.product-type.application";
		};
		7BEA07C01D544A8400F68C41 /* CoredataProjectAshisTests */ = {
			isa = PBXNativeTarget;
			buildConfigurationList = 7BEA07D81D544A8500F68C41 /* Build configuration list for PBXNativeTarget "CoredataProjectAshisTests" */;
			buildPhases = (
				7BEA07BD1D544A8400F68C41 /* Sources */,
				7BEA07BE1D544A8400F68C41 /* Frameworks */,
				7BEA07BF1D544A8400F68C41 /* Resources */,
			);
			buildRules = (
			);
			dependencies = (
				7BEA07C31D544A8400F68C41 /* PBXTargetDependency */,
			);
			name = CoredataProjectAshisTests;
			productName = CoredataProjectAshisTests;
			productReference = 7BEA07C11D544A8400F68C41 /* CoredataProjectAshisTests.xctest */;
			productType = "com.apple.product-type.bundle.unit-test";
		};
		7BEA07CB1D544A8500F68C41 /* CoredataProjectAshisUITests */ = {
			isa = PBXNativeTarget;
			buildConfigurationList = 7BEA07DB1D544A8500F68C41 /* Build configuration list for PBXNativeTarget "CoredataProjectAshisUITests" */;
			buildPhases = (
				7BEA07C81D544A8500F68C41 /* Sources */,
				7BEA07C91D544A8500F68C41 /* Frameworks */,
				7BEA07CA1D544A8500F68C41 /* Resources */,
			);
			buildRules = (
			);
			dependencies = (
				7BEA07CE1D544A8500F68C41 /* PBXTargetDependency */,
			);
			name = CoredataProjectAshisUITests;
			productName = CoredataProjectAshisUITests;
			productReference = 7BEA07CC1D544A8500F68C41 /* CoredataProjectAshisUITests.xctest */;
			productType = "com.apple.product-type.bundle.ui-testing";
		};
/* End PBXNativeTarget section */

/* Begin PBXProject section */
		7BEA07A21D544A8400F68C41 /* Project object */ = {
			isa = PBXProject;
			attributes = {
				LastSwiftUpdateCheck = 0730;
				LastUpgradeCheck = 0730;
				ORGANIZATIONNAME = Ashis;
				TargetAttributes = {
					7BEA07A91D544A8400F68C41 = {
						CreatedOnToolsVersion = 7.3.1;
					};
					7BEA07C01D544A8400F68C41 = {
						CreatedOnToolsVersion = 7.3.1;
						TestTargetID = 7BEA07A91D544A8400F68C41;
					};
					7BEA07CB1D544A8500F68C41 = {
						CreatedOnToolsVersion = 7.3.1;
						TestTargetID = 7BEA07A91D544A8400F68C41;
					};
				};
			};
			buildConfigurationList = 7BEA07A51D544A8400F68C41 /* Build configuration list for PBXProject "CoredataProjectAshis" */;
			compatibilityVersion = "Xcode 3.2";
			developmentRegion = English;
			hasScannedForEncodings = 0;
			knownRegions = (
				en,
				Base,
			);
			mainGroup = 7BEA07A11D544A8400F68C41;
			productRefGroup = 7BEA07AB1D544A8400F68C41 /* Products */;
			projectDirPath = "";
			projectRoot = "";
			targets = (
				7BEA07A91D544A8400F68C41 /* CoredataProjectAshis */,
				7BEA07C01D544A8400F68C41 /* CoredataProjectAshisTests */,
				7BEA07CB1D544A8500F68C41 /* CoredataProjectAshisUITests */,
			);
		};
/* End PBXProject section */

/* Begin PBXResourcesBuildPhase section */
		7BEA07A81D544A8400F68C41 /* Resources */ = {
			isa = PBXResourcesBuildPhase;
			buildActionMask = 2147483647;
			files = (
				7BEA07BB1D544A8400F68C41 /* LaunchScreen.storyboard in Resources */,
				7BEA07B81D544A8400F68C41 /* Assets.xcassets in Resources */,
				7BEA07B31D544A8400F68C41 /* Main.storyboard in Resources */,
			);
			runOnlyForDeploymentPostprocessing = 0;
		};
		7BEA07BF1D544A8400F68C41 /* Resources */ = {
			isa = PBXResourcesBuildPhase;
			buildActionMask = 2147483647;
			files = (
			);
			runOnlyForDeploymentPostprocessing = 0;
		};
		7BEA07CA1D544A8500F68C41 /* Resources */ = {
			isa = PBXResourcesBuildPhase;
			buildActionMask = 2147483647;
			files = (
			);
			runOnlyForDeploymentPostprocessing = 0;
		};
/* End PBXResourcesBuildPhase section */

/* Begin PBXSourcesBuildPhase section */
		7BEA07A61D544A8400F68C41 /* Sources */ = {
			isa = PBXSourcesBuildPhase;
			buildActionMask = 2147483647;
			files = (
				7BEA07B01D544A8400F68C41 /* ViewController.swift in Sources */,
				7BEA07B61D544A8400F68C41 /* CoredataProjectAshis.xcdatamodeld in Sources */,
				7BEA07AE1D544A8400F68C41 /* AppDelegate.swift in Sources */,
			);
			runOnlyForDeploymentPostprocessing = 0;
		};
		7BEA07BD1D544A8400F68C41 /* Sources */ = {
			isa = PBXSourcesBuildPhase;
			buildActionMask = 2147483647;
			files = (
				7BEA07C61D544A8400F68C41 /* CoredataProjectAshisTests.swift in Sources */,
			);
			runOnlyForDeploymentPostprocessing = 0;
		};
		7BEA07C81D544A8500F68C41 /* Sources */ = {
			isa = PBXSourcesBuildPhase;
			buildActionMask = 2147483647;
			files = (
				7BEA07D11D544A8500F68C41 /* CoredataProjectAshisUITests.swift in Sources */,
			);
			runOnlyForDeploymentPostprocessing = 0;
		};
/* End PBXSourcesBuildPhase section */

/* Begin PBXTargetDependency section */
		7BEA07C31D544A8400F68C41 /* PBXTargetDependency */ = {
			isa = PBXTargetDependency;
			target = 7BEA07A91D544A8400F68C41 /* CoredataProjectAshis */;
			targetProxy = 7BEA07C21D544A8400F68C41 /* PBXContainerItemProxy */;
		};
		7BEA07CE1D544A8500F68C41 /* PBXTargetDependency */ = {
			isa = PBXTargetDependency;
			target = 7BEA07A91D544A8400F68C41 /* CoredataProjectAshis */;
			targetProxy = 7BEA07CD1D544A8500F68C41 /* PBXContainerItemProxy */;
		};
/* End PBXTargetDependency section */

/* Begin PBXVariantGroup section */
		7BEA07B11D544A8400F68C41 /* Main.storyboard */ = {
			isa = PBXVariantGroup;
			children = (
				7BEA07B21D544A8400F68C41 /* Base */,
			);
			name = Main.storyboard;
			sourceTree = "<group>";
		};
		7BEA07B91D544A8400F68C41 /* LaunchScreen.storyboard */ = {
			isa = PBXVariantGroup;
			children = (
				7BEA07BA1D544A8400F68C41 /* Base */,
			);
			name = LaunchScreen.storyboard;
			sourceTree = "<group>";
		};
/* End PBXVariantGroup section */

/* Begin XCBuildConfiguration section */
		7BEA07D31D544A8500F68C41 /* Debug */ = {
			isa = XCBuildConfiguration;
			buildSettings = {
				ALWAYS_SEARCH_USER_PATHS = NO;
				CLANG_ANALYZER_NONNULL = YES;
				CLANG_CXX_LANGUAGE_STANDARD = "gnu++0x";
				CLANG_CXX_LIBRARY = "libc++";
				CLANG_ENABLE_MODULES = YES;
				CLANG_ENABLE_OBJC_ARC = YES;
				CLANG_WARN_BOOL_CONVERSION = YES;
				CLANG_WARN_CONSTANT_CONVERSION = YES;
				CLANG_WARN_DIRECT_OBJC_ISA_USAGE = YES_ERROR;
				CLANG_WARN_EMPTY_BODY = YES;
				CLANG_WARN_ENUM_CONVERSION = YES;
				CLANG_WARN_INT_CONVERSION = YES;
				CLANG_WARN_OBJC_ROOT_CLASS = YES_ERROR;
				CLANG_WARN_UNREACHABLE_CODE = YES;
				CLANG_WARN__DUPLICATE_METHOD_MATCH = YES;
				"CODE_SIGN_IDENTITY[sdk=iphoneos*]" = "iPhone Developer";
				COPY_PHASE_STRIP = NO;
				DEBUG_INFORMATION_FORMAT = dwarf;
				ENABLE_STRICT_OBJC_MSGSEND = YES;
				ENABLE_TESTABILITY = YES;
				GCC_C_LANGUAGE_STANDARD = gnu99;
				GCC_DYNAMIC_NO_PIC = NO;
				GCC_NO_COMMON_BLOCKS = YES;
				GCC_OPTIMIZATION_LEVEL = 0;
				GCC_PREPROCESSOR_DEFINITIONS = (
					"DEBUG=1",
					"$(inherited)",
				);
				GCC_WARN_64_TO_32_BIT_CONVERSION = YES;
				GCC_WARN_ABOUT_RETURN_TYPE = YES_ERROR;
				GCC_WARN_UNDECLARED_SELECTOR = YES;
				GCC_WARN_UNINITIALIZED_AUTOS = YES_AGGRESSIVE;
				GCC_WARN_UNUSED_FUNCTION = YES;
				GCC_WARN_UNUSED_VARIABLE = YES;
				IPHONEOS_DEPLOYMENT_TARGET = 9.3;
				MTL_ENABLE_DEBUG_INFO = YES;
				ONLY_ACTIVE_ARCH = YES;
				SDKROOT = iphoneos;
				SWIFT_OPTIMIZATION_LEVEL = "-Onone";
				TARGETED_DEVICE_FAMILY = "1,2";
			};
			name = Debug;
		};
		7BEA07D41D544A8500F68C41 /* Release */ = {
			isa = XCBuildConfiguration;
			buildSettings = {
				ALWAYS_SEARCH_USER_PATHS = NO;
				CLANG_ANALYZER_NONNULL = YES;
				CLANG_CXX_LANGUAGE_STANDARD = "gnu++0x";
				CLANG_CXX_LIBRARY = "libc++";
				CLANG_ENABLE_MODULES = YES;
				CLANG_ENABLE_OBJC_ARC = YES;
				CLANG_WARN_BOOL_CONVERSION = YES;
				CLANG_WARN_CONSTANT_CONVERSION = YES;
				CLANG_WARN_DIRECT_OBJC_ISA_USAGE = YES_ERROR;
				CLANG_WARN_EMPTY_BODY = YES;
				CLANG_WARN_ENUM_CONVERSION = YES;
				CLANG_WARN_INT_CONVERSION = YES;
				CLANG_WARN_OBJC_ROOT_CLASS = YES_ERROR;
				CLANG_WARN_UNREACHABLE_CODE = YES;
				CLANG_WARN__DUPLICATE_METHOD_MATCH = YES;
				"CODE_SIGN_IDENTITY[sdk=iphoneos*]" = "iPhone Developer";
				COPY_PHASE_STRIP = NO;
				DEBUG_INFORMATION_FORMAT = "dwarf-with-dsym";
				ENABLE_NS_ASSERTIONS = NO;
				ENABLE_STRICT_OBJC_MSGSEND = YES;
				GCC_C_LANGUAGE_STANDARD = gnu99;
				GCC_NO_COMMON_BLOCKS = YES;
				GCC_WARN_64_TO_32_BIT_CONVERSION = YES;
				GCC_WARN_ABOUT_RETURN_TYPE = YES_ERROR;
				GCC_WARN_UNDECLARED_SELECTOR = YES;
				GCC_WARN_UNINITIALIZED_AUTOS = YES_AGGRESSIVE;
				GCC_WARN_UNUSED_FUNCTION = YES;
				GCC_WARN_UNUSED_VARIABLE = YES;
				IPHONEOS_DEPLOYMENT_TARGET = 9.3;
				MTL_ENABLE_DEBUG_INFO = NO;
				SDKROOT = iphoneos;
				TARGETED_DEVICE_FAMILY = "1,2";
				VALIDATE_PRODUCT = YES;
			};
			name = Release;
		};
		7BEA07D61D544A8500F68C41 /* Debug */ = {
			isa = XCBuildConfiguration;
			buildSettings = {
				ASSETCATALOG_COMPILER_APPICON_NAME = AppIcon;
				INFOPLIST_FILE = CoredataProjectAshis/Info.plist;
				LD_RUNPATH_SEARCH_PATHS = "$(inherited) @executable_path/Frameworks";
				PRODUCT_BUNDLE_IDENTIFIER = Ashis.CoredataProjectAshis;
				PRODUCT_NAME = "$(TARGET_NAME)";
			};
			name = Debug;
		};
		7BEA07D71D544A8500F68C41 /* Release */ = {
			isa = XCBuildConfiguration;
			buildSettings = {
				ASSETCATALOG_COMPILER_APPICON_NAME = AppIcon;
				INFOPLIST_FILE = CoredataProjectAshis/Info.plist;
				LD_RUNPATH_SEARCH_PATHS = "$(inherited) @executable_path/Frameworks";
				PRODUCT_BUNDLE_IDENTIFIER = Ashis.CoredataProjectAshis;
				PRODUCT_NAME = "$(TARGET_NAME)";
			};
			name = Release;
		};
		7BEA07D91D544A8500F68C41 /* Debug */ = {
			isa = XCBuildConfiguration;
			buildSettings = {
				BUNDLE_LOADER = "$(TEST_HOST)";
				INFOPLIST_FILE = CoredataProjectAshisTests/Info.plist;
				LD_RUNPATH_SEARCH_PATHS = "$(inherited) @executable_path/Frameworks @loader_path/Frameworks";
				PRODUCT_BUNDLE_IDENTIFIER = Ashis.CoredataProjectAshisTests;
				PRODUCT_NAME = "$(TARGET_NAME)";
				TEST_HOST = "$(BUILT_PRODUCTS_DIR)/CoredataProjectAshis.app/CoredataProjectAshis";
			};
			name = Debug;
		};
		7BEA07DA1D544A8500F68C41 /* Release */ = {
			isa = XCBuildConfiguration;
			buildSettings = {
				BUNDLE_LOADER = "$(TEST_HOST)";
				INFOPLIST_FILE = CoredataProjectAshisTests/Info.plist;
				LD_RUNPATH_SEARCH_PATHS = "$(inherited) @executable_path/Frameworks @loader_path/Frameworks";
				PRODUCT_BUNDLE_IDENTIFIER = Ashis.CoredataProjectAshisTests;
				PRODUCT_NAME = "$(TARGET_NAME)";
				TEST_HOST = "$(BUILT_PRODUCTS_DIR)/CoredataProjectAshis.app/CoredataProjectAshis";
			};
			name = Release;
		};
		7BEA07DC1D544A8500F68C41 /* Debug */ = {
			isa = XCBuildConfiguration;
			buildSettings = {
				INFOPLIST_FILE = CoredataProjectAshisUITests/Info.plist;
				LD_RUNPATH_SEARCH_PATHS = "$(inherited) @executable_path/Frameworks @loader_path/Frameworks";
				PRODUCT_BUNDLE_IDENTIFIER = Ashis.CoredataProjectAshisUITests;
				PRODUCT_NAME = "$(TARGET_NAME)";
				TEST_TARGET_NAME = CoredataProjectAshis;
			};
			name = Debug;
		};
		7BEA07DD1D544A8500F68C41 /* Release */ = {
			isa = XCBuildConfiguration;
			buildSettings = {
				INFOPLIST_FILE = CoredataProjectAshisUITests/Info.plist;
				LD_RUNPATH_SEARCH_PATHS = "$(inherited) @executable_path/Frameworks @loader_path/Frameworks";
				PRODUCT_BUNDLE_IDENTIFIER = Ashis.CoredataProjectAshisUITests;
				PRODUCT_NAME = "$(TARGET_NAME)";
				TEST_TARGET_NAME = CoredataProjectAshis;
			};
			name = Release;
		};
/* End XCBuildConfiguration section */

/* Begin XCConfigurationList section */
		7BEA07A51D544A8400F68C41 /* Build configuration list for PBXProject "CoredataProjectAshis" */ = {
			isa = XCConfigurationList;
			buildConfigurations = (
				7BEA07D31D544A8500F68C41 /* Debug */,
				7BEA07D41D544A8500F68C41 /* Release */,
			);
			defaultConfigurationIsVisible = 0;
			defaultConfigurationName = Release;
		};
		7BEA07D51D544A8500F68C41 /* Build configuration list for PBXNativeTarget "CoredataProjectAshis" */ = {
			isa = XCConfigurationList;
			buildConfigurations = (
				7BEA07D61D544A8500F68C41 /* Debug */,
				7BEA07D71D544A8500F68C41 /* Release */,
			);
			defaultConfigurationIsVisible = 0;
		};
		7BEA07D81D544A8500F68C41 /* Build configuration list for PBXNativeTarget "CoredataProjectAshisTests" */ = {
			isa = XCConfigurationList;
			buildConfigurations = (
				7BEA07D91D544A8500F68C41 /* Debug */,
				7BEA07DA1D544A8500F68C41 /* Release */,
			);
			defaultConfigurationIsVisible = 0;
		};
		7BEA07DB1D544A8500F68C41 /* Build configuration list for PBXNativeTarget "CoredataProjectAshisUITests" */ = {
			isa = XCConfigurationList;
			buildConfigurations = (
				7BEA07DC1D544A8500F68C41 /* Debug */,
				7BEA07DD1D544A8500F68C41 /* Release */,
			);
			defaultConfigurationIsVisible = 0;
		};
/* End XCConfigurationList section */

/* Begin XCVersionGroup section */
		7BEA07B41D544A8400F68C41 /* CoredataProjectAshis.xcdatamodeld */ = {
			isa = XCVersionGroup;
			children = (
				7BEA07B51D544A8400F68C41 /* CoredataProjectAshis.xcdatamodel */,
			);
			currentVersion = 7BEA07B51D544A8400F68C41 /* CoredataProjectAshis.xcdatamodel */;
			path = CoredataProjectAshis.xcdatamodeld;
			sourceTree = "<group>";
			versionGroupType = wrapper.xcdatamodel;
		};
/* End XCVersionGroup section */
	};
	rootObject = 7BEA07A21D544A8400F68C41 /* Project object */;
}
